
Microsoft Visual Studio Solution File, Format Version 12.00
# Visual Studio Version 16
VisualStudioVersion = 16.0.30828.39
MinimumVisualStudioVersion = 10.0.40219.1
Project("{FAE04EC0-301F-11D3-BF4B-00C04F79EFBC}") = "ConsoleApp2", "ConsoleApp2\ConsoleApp2.csproj", "{CA8EC9F7-BE8A-4D7D-90C3-07F0DF044D6A}"
EndProject
Global
	GlobalSection(SolutionConfigurationPlatforms) = preSolution
		Debug|Any CPU = Debug|Any CPU
		Release|Any CPU = Release|Any CPU
	EndGlobalSection
	GlobalSection(ProjectConfigurationPlatforms) = postSolution
		{CA8EC9F7-BE8A-4D7D-90C3-07F0DF044D6A}.Debug|Any CPU.ActiveCfg = Debug|Any CPU
		{CA8EC9F7-BE8A-4D7D-90C3-07F0DF044D6A}.Debug|Any CPU.Build.0 = Debug|Any CPU
		{CA8EC9F7-BE8A-4D7D-90C3-07F0DF044D6A}.Release|Any CPU.ActiveCfg = Release|Any CPU
		{CA8EC9F7-BE8A-4D7D-90C3-07F0DF044D6A}.Release|Any CPU.Build.0 = Release|Any CPU
	EndGlobalSection
	GlobalSection(SolutionProperties) = preSolution
		HideSolutionNode = FALSE
	EndGlobalSection
	GlobalSection(ExtensibilityGlobals) = postSolution
		SolutionGuid = {2D5A2B80-2B49-4B3A-84EE-9B314DC12CF5}
	EndGlobalSection
EndGlobal
